
Microsoft Visual Studio Solution File, Format Version 12.00
# Visual Studio Version 17
VisualStudioVersion = 17.4.33205.214
MinimumVisualStudioVersion = 10.0.40219.1
Project("{FAE04EC0-301F-11D3-BF4B-00C04F79EFBC}") = "JuegoMemoria", "JuegoMemoria\JuegoMemoria.csproj", "{D852E818-4520-422E-BE11-5EDC73090B08}"
EndProject
Global
	GlobalSection(SolutionConfigurationPlatforms) = preSolution
		Debug|Any CPU = Debug|Any CPU
		Release|Any CPU = Release|Any CPU
	EndGlobalSection
	GlobalSection(ProjectConfigurationPlatforms) = postSolution
		{D852E818-4520-422E-BE11-5EDC73090B08}.Debug|Any CPU.ActiveCfg = Debug|Any CPU
		{D852E818-4520-422E-BE11-5EDC73090B08}.Debug|Any CPU.Build.0 = Debug|Any CPU
		{D852E818-4520-422E-BE11-5EDC73090B08}.Release|Any CPU.ActiveCfg = Release|Any CPU
		{D852E818-4520-422E-BE11-5EDC73090B08}.Release|Any CPU.Build.0 = Release|Any CPU
	EndGlobalSection
	GlobalSection(SolutionProperties) = preSolution
		HideSolutionNode = FALSE
	EndGlobalSection
	GlobalSection(ExtensibilityGlobals) = postSolution
		SolutionGuid = {A5DB187D-442B-4466-A0B8-439366332FE1}
	EndGlobalSection
EndGlobal
